
Microsoft Visual Studio Solution File, Format Version 12.00
# Visual Studio Version 17
VisualStudioVersion = 17.2.32630.192
MinimumVisualStudioVersion = 10.0.40219.1
Project("{9A19103F-16F7-4668-BE54-9A1E7A4F7556}") = "PropertyGenerator", "PropertyGenerator\PropertyGenerator.csproj", "{B7C672E1-9490-42A5-A7E8-AC207B4E2167}"
EndProject
Project("{9A19103F-16F7-4668-BE54-9A1E7A4F7556}") = "FiftyOne.IpIntelligence.Engine.OnPremise", "ip-intelligence-dotnet\FiftyOne.IpIntelligence\FiftyOne.IpIntelligence.Engine.OnPremise\FiftyOne.IpIntelligence.Engine.OnPremise.csproj", "{F27CF944-95B7-4B9E-A2FB-E5D686D2D8AD}"
EndProject
Project("{8BC9CEB8-8B4A-11D0-8D11-00A0C91BC942}") = "FiftyOne.IpIntelligence.Engine.OnPremise.Native", "ip-intelligence-dotnet\FiftyOne.IpIntelligence\FiftyOne.IpIntelligence.Engine.OnPremise.Native\FiftyOne.IpIntelligence.Engine.OnPremise.Native.vcxproj", "{2D4DD823-63D9-421B-B5D4-4174C4214719}"
EndProject
Project("{9A19103F-16F7-4668-BE54-9A1E7A4F7556}") = "FiftyOne.IpIntelligence.Shared", "ip-intelligence-dotnet\FiftyOne.IpIntelligence\FiftyOne.IpIntelligence.Shared\FiftyOne.IpIntelligence.Shared.csproj", "{47E7F5FB-BEA9-438A-85A5-5317714919E1}"
EndProject
Project("{8BC9CEB8-8B4A-11D0-8D11-00A0C91BC942}") = "FiftyOne.IpIntelligence.CPP", "ip-intelligence-dotnet\FiftyOne.IpIntelligence\ip-intelligence-cxx\VisualStudio\FiftyOne.IpIntelligence.CPP\FiftyOne.IpIntelligence.CPP.vcxproj", "{341FD8CB-9456-4711-BEC8-C4A218FA1C6C}"
EndProject
Project("{8BC9CEB8-8B4A-11D0-8D11-00A0C91BC942}") = "FiftyOne.IpIntelligence.C", "ip-intelligence-dotnet\FiftyOne.IpIntelligence\ip-intelligence-cxx\VisualStudio\FiftyOne.IpIntelligence.C\FiftyOne.IpIntelligence.C.vcxproj", "{EDDF7B03-A483-4B52-9234-4585AF17B284}"
EndProject
Project("{8BC9CEB8-8B4A-11D0-8D11-00A0C91BC942}") = "FiftyOne.Common.C", "ip-intelligence-dotnet\FiftyOne.IpIntelligence\ip-intelligence-cxx\src\common-cxx\VisualStudio\FiftyOne.Common.C\FiftyOne.Common.C.vcxproj", "{8E1B0B4C-8220-4E7B-A838-B4B3DDB4CF15}"
EndProject
Project("{8BC9CEB8-8B4A-11D0-8D11-00A0C91BC942}") = "FiftyOne.Common.CPP", "ip-intelligence-dotnet\FiftyOne.IpIntelligence\ip-intelligence-cxx\src\common-cxx\VisualStudio\FiftyOne.Common.CPP\FiftyOne.Common.CPP.vcxproj", "{01DCCD38-27CC-4C1A-851F-F1700EDF8BB5}"
EndProject
Global
	GlobalSection(SolutionConfigurationPlatforms) = preSolution
		Debug|Any CPU = Debug|Any CPU
		Debug|x64 = Debug|x64
		Debug|x86 = Debug|x86
		Debug-MemoryOnly|Any CPU = Debug-MemoryOnly|Any CPU
		Debug-MemoryOnly|x64 = Debug-MemoryOnly|x64
		Debug-MemoryOnly|x86 = Debug-MemoryOnly|x86
		Debug-Single|Any CPU = Debug-Single|Any CPU
		Debug-Single|x64 = Debug-Single|x64
		Debug-Single|x86 = Debug-Single|x86
		Release|Any CPU = Release|Any CPU
		Release|x64 = Release|x64
		Release|x86 = Release|x86
		Release-MemoryOnly|Any CPU = Release-MemoryOnly|Any CPU
		Release-MemoryOnly|x64 = Release-MemoryOnly|x64
		Release-MemoryOnly|x86 = Release-MemoryOnly|x86
		Release-Single|Any CPU = Release-Single|Any CPU
		Release-Single|x64 = Release-Single|x64
		Release-Single|x86 = Release-Single|x86
	EndGlobalSection
	GlobalSection(ProjectConfigurationPlatforms) = postSolution
		{B7C672E1-9490-42A5-A7E8-AC207B4E2167}.Debug|Any CPU.ActiveCfg = Debug|Any CPU
		{B7C672E1-9490-42A5-A7E8-AC207B4E2167}.Debug|Any CPU.Build.0 = Debug|Any CPU
		{B7C672E1-9490-42A5-A7E8-AC207B4E2167}.Debug|x64.ActiveCfg = Debug|Any CPU
		{B7C672E1-9490-42A5-A7E8-AC207B4E2167}.Debug|x64.Build.0 = Debug|Any CPU
		{B7C672E1-9490-42A5-A7E8-AC207B4E2167}.Debug|x86.ActiveCfg = Debug|Any CPU
		{B7C672E1-9490-42A5-A7E8-AC207B4E2167}.Debug|x86.Build.0 = Debug|Any CPU
		{B7C672E1-9490-42A5-A7E8-AC207B4E2167}.Debug-MemoryOnly|Any CPU.ActiveCfg = Debug|Any CPU
		{B7C672E1-9490-42A5-A7E8-AC207B4E2167}.Debug-MemoryOnly|Any CPU.Build.0 = Debug|Any CPU
		{B7C672E1-9490-42A5-A7E8-AC207B4E2167}.Debug-MemoryOnly|x64.ActiveCfg = Debug|Any CPU
		{B7C672E1-9490-42A5-A7E8-AC207B4E2167}.Debug-MemoryOnly|x64.Build.0 = Debug|Any CPU
		{B7C672E1-9490-42A5-A7E8-AC207B4E2167}.Debug-MemoryOnly|x86.ActiveCfg = Debug|Any CPU
		{B7C672E1-9490-42A5-A7E8-AC207B4E2167}.Debug-MemoryOnly|x86.Build.0 = Debug|Any CPU
		{B7C672E1-9490-42A5-A7E8-AC207B4E2167}.Debug-Single|Any CPU.ActiveCfg = Debug|Any CPU
		{B7C672E1-9490-42A5-A7E8-AC207B4E2167}.Debug-Single|Any CPU.Build.0 = Debug|Any CPU
		{B7C672E1-9490-42A5-A7E8-AC207B4E2167}.Debug-Single|x64.ActiveCfg = Debug|Any CPU
		{B7C672E1-9490-42A5-A7E8-AC207B4E2167}.Debug-Single|x64.Build.0 = Debug|Any CPU
		{B7C672E1-9490-42A5-A7E8-AC207B4E2167}.Debug-Single|x86.ActiveCfg = Debug|Any CPU
		{B7C672E1-9490-42A5-A7E8-AC207B4E2167}.Debug-Single|x86.Build.0 = Debug|Any CPU
		{B7C672E1-9490-42A5-A7E8-AC207B4E2167}.Release|Any CPU.ActiveCfg = Release|Any CPU
		{B7C672E1-9490-42A5-A7E8-AC207B4E2167}.Release|Any CPU.Build.0 = Release|Any CPU
		{B7C672E1-9490-42A5-A7E8-AC207B4E2167}.Release|x64.ActiveCfg = Release|Any CPU
		{B7C672E1-9490-42A5-A7E8-AC207B4E2167}.Release|x64.Build.0 = Release|Any CPU
		{B7C672E1-9490-42A5-A7E8-AC207B4E2167}.Release|x86.ActiveCfg = Release|Any CPU
		{B7C672E1-9490-42A5-A7E8-AC207B4E2167}.Release|x86.Build.0 = Release|Any CPU
		{B7C672E1-9490-42A5-A7E8-AC207B4E2167}.Release-MemoryOnly|Any CPU.ActiveCfg = Release|Any CPU
		{B7C672E1-9490-42A5-A7E8-AC207B4E2167}.Release-MemoryOnly|Any CPU.Build.0 = Release|Any CPU
		{B7C672E1-9490-42A5-A7E8-AC207B4E2167}.Release-MemoryOnly|x64.ActiveCfg = Release|Any CPU
		{B7C672E1-9490-42A5-A7E8-AC207B4E2167}.Release-MemoryOnly|x64.Build.0 = Release|Any CPU
		{B7C672E1-9490-42A5-A7E8-AC207B4E2167}.Release-MemoryOnly|x86.ActiveCfg = Release|Any CPU
		{B7C672E1-9490-42A5-A7E8-AC207B4E2167}.Release-MemoryOnly|x86.Build.0 = Release|Any CPU
		{B7C672E1-9490-42A5-A7E8-AC207B4E2167}.Release-Single|Any CPU.ActiveCfg = Release|Any CPU
		{B7C672E1-9490-42A5-A7E8-AC207B4E2167}.Release-Single|Any CPU.Build.0 = Release|Any CPU
		{B7C672E1-9490-42A5-A7E8-AC207B4E2167}.Release-Single|x64.ActiveCfg = Release|Any CPU
		{B7C672E1-9490-42A5-A7E8-AC207B4E2167}.Release-Single|x64.Build.0 = Release|Any CPU
		{B7C672E1-9490-42A5-A7E8-AC207B4E2167}.Release-Single|x86.ActiveCfg = Release|Any CPU
		{B7C672E1-9490-42A5-A7E8-AC207B4E2167}.Release-Single|x86.Build.0 = Release|Any CPU
		{F27CF944-95B7-4B9E-A2FB-E5D686D2D8AD}.Debug|Any CPU.ActiveCfg = Debug|x64
		{F27CF944-95B7-4B9E-A2FB-E5D686D2D8AD}.Debug|Any CPU.Build.0 = Debug|x64
		{F27CF944-95B7-4B9E-A2FB-E5D686D2D8AD}.Debug|x64.ActiveCfg = Debug|x64
		{F27CF944-95B7-4B9E-A2FB-E5D686D2D8AD}.Debug|x64.Build.0 = Debug|x64
		{F27CF944-95B7-4B9E-A2FB-E5D686D2D8AD}.Debug|x86.ActiveCfg = Debug|x86
		{F27CF944-95B7-4B9E-A2FB-E5D686D2D8AD}.Debug|x86.Build.0 = Debug|x86
		{F27CF944-95B7-4B9E-A2FB-E5D686D2D8AD}.Debug-MemoryOnly|Any CPU.ActiveCfg = Debug|x64
		{F27CF944-95B7-4B9E-A2FB-E5D686D2D8AD}.Debug-MemoryOnly|Any CPU.Build.0 = Debug|x64
		{F27CF944-95B7-4B9E-A2FB-E5D686D2D8AD}.Debug-MemoryOnly|x64.ActiveCfg = Debug|x64
		{F27CF944-95B7-4B9E-A2FB-E5D686D2D8AD}.Debug-MemoryOnly|x64.Build.0 = Debug|x64
		{F27CF944-95B7-4B9E-A2FB-E5D686D2D8AD}.Debug-MemoryOnly|x86.ActiveCfg = Debug|x86
		{F27CF944-95B7-4B9E-A2FB-E5D686D2D8AD}.Debug-MemoryOnly|x86.Build.0 = Debug|x86
		{F27CF944-95B7-4B9E-A2FB-E5D686D2D8AD}.Debug-Single|Any CPU.ActiveCfg = Debug|x64
		{F27CF944-95B7-4B9E-A2FB-E5D686D2D8AD}.Debug-Single|Any CPU.Build.0 = Debug|x64
		{F27CF944-95B7-4B9E-A2FB-E5D686D2D8AD}.Debug-Single|x64.ActiveCfg = Debug|x64
		{F27CF944-95B7-4B9E-A2FB-E5D686D2D8AD}.Debug-Single|x64.Build.0 = Debug|x64
		{F27CF944-95B7-4B9E-A2FB-E5D686D2D8AD}.Debug-Single|x86.ActiveCfg = Debug|x86
		{F27CF944-95B7-4B9E-A2FB-E5D686D2D8AD}.Debug-Single|x86.Build.0 = Debug|x86
		{F27CF944-95B7-4B9E-A2FB-E5D686D2D8AD}.Release|Any CPU.ActiveCfg = Release|x64
		{F27CF944-95B7-4B9E-A2FB-E5D686D2D8AD}.Release|Any CPU.Build.0 = Release|x64
		{F27CF944-95B7-4B9E-A2FB-E5D686D2D8AD}.Release|x64.ActiveCfg = Release|x64
		{F27CF944-95B7-4B9E-A2FB-E5D686D2D8AD}.Release|x64.Build.0 = Release|x64
		{F27CF944-95B7-4B9E-A2FB-E5D686D2D8AD}.Release|x86.ActiveCfg = Release|x86
		{F27CF944-95B7-4B9E-A2FB-E5D686D2D8AD}.Release|x86.Build.0 = Release|x86
		{F27CF944-95B7-4B9E-A2FB-E5D686D2D8AD}.Release-MemoryOnly|Any CPU.ActiveCfg = Release|x64
		{F27CF944-95B7-4B9E-A2FB-E5D686D2D8AD}.Release-MemoryOnly|Any CPU.Build.0 = Release|x64
		{F27CF944-95B7-4B9E-A2FB-E5D686D2D8AD}.Release-MemoryOnly|x64.ActiveCfg = Release|x64
		{F27CF944-95B7-4B9E-A2FB-E5D686D2D8AD}.Release-MemoryOnly|x64.Build.0 = Release|x64
		{F27CF944-95B7-4B9E-A2FB-E5D686D2D8AD}.Release-MemoryOnly|x86.ActiveCfg = Release|x86
		{F27CF944-95B7-4B9E-A2FB-E5D686D2D8AD}.Release-MemoryOnly|x86.Build.0 = Release|x86
		{F27CF944-95B7-4B9E-A2FB-E5D686D2D8AD}.Release-Single|Any CPU.ActiveCfg = Release|x64
		{F27CF944-95B7-4B9E-A2FB-E5D686D2D8AD}.Release-Single|Any CPU.Build.0 = Release|x64
		{F27CF944-95B7-4B9E-A2FB-E5D686D2D8AD}.Release-Single|x64.ActiveCfg = Release|x64
		{F27CF944-95B7-4B9E-A2FB-E5D686D2D8AD}.Release-Single|x64.Build.0 = Release|x64
		{F27CF944-95B7-4B9E-A2FB-E5D686D2D8AD}.Release-Single|x86.ActiveCfg = Release|x86
		{F27CF944-95B7-4B9E-A2FB-E5D686D2D8AD}.Release-Single|x86.Build.0 = Release|x86
		{2D4DD823-63D9-421B-B5D4-4174C4214719}.Debug|Any CPU.ActiveCfg = Debug|x64
		{2D4DD823-63D9-421B-B5D4-4174C4214719}.Debug|Any CPU.Build.0 = Debug|x64
		{2D4DD823-63D9-421B-B5D4-4174C4214719}.Debug|x64.ActiveCfg = Debug|x64
		{2D4DD823-63D9-421B-B5D4-4174C4214719}.Debug|x64.Build.0 = Debug|x64
		{2D4DD823-63D9-421B-B5D4-4174C4214719}.Debug|x86.ActiveCfg = Debug|Win32
		{2D4DD823-63D9-421B-B5D4-4174C4214719}.Debug|x86.Build.0 = Debug|Win32
		{2D4DD823-63D9-421B-B5D4-4174C4214719}.Debug-MemoryOnly|Any CPU.ActiveCfg = Debug|x64
		{2D4DD823-63D9-421B-B5D4-4174C4214719}.Debug-MemoryOnly|Any CPU.Build.0 = Debug|x64
		{2D4DD823-63D9-421B-B5D4-4174C4214719}.Debug-MemoryOnly|x64.ActiveCfg = Debug|x64
		{2D4DD823-63D9-421B-B5D4-4174C4214719}.Debug-MemoryOnly|x64.Build.0 = Debug|x64
		{2D4DD823-63D9-421B-B5D4-4174C4214719}.Debug-MemoryOnly|x86.ActiveCfg = Debug|Win32
		{2D4DD823-63D9-421B-B5D4-4174C4214719}.Debug-MemoryOnly|x86.Build.0 = Debug|Win32
		{2D4DD823-63D9-421B-B5D4-4174C4214719}.Debug-Single|Any CPU.ActiveCfg = Debug|x64
		{2D4DD823-63D9-421B-B5D4-4174C4214719}.Debug-Single|Any CPU.Build.0 = Debug|x64
		{2D4DD823-63D9-421B-B5D4-4174C4214719}.Debug-Single|x64.ActiveCfg = Debug|x64
		{2D4DD823-63D9-421B-B5D4-4174C4214719}.Debug-Single|x64.Build.0 = Debug|x64
		{2D4DD823-63D9-421B-B5D4-4174C4214719}.Debug-Single|x86.ActiveCfg = Debug|Win32
		{2D4DD823-63D9-421B-B5D4-4174C4214719}.Debug-Single|x86.Build.0 = Debug|Win32
		{2D4DD823-63D9-421B-B5D4-4174C4214719}.Release|Any CPU.ActiveCfg = Release|x64
		{2D4DD823-63D9-421B-B5D4-4174C4214719}.Release|Any CPU.Build.0 = Release|x64
		{2D4DD823-63D9-421B-B5D4-4174C4214719}.Release|x64.ActiveCfg = Release|x64
		{2D4DD823-63D9-421B-B5D4-4174C4214719}.Release|x64.Build.0 = Release|x64
		{2D4DD823-63D9-421B-B5D4-4174C4214719}.Release|x86.ActiveCfg = Release|Win32
		{2D4DD823-63D9-421B-B5D4-4174C4214719}.Release|x86.Build.0 = Release|Win32
		{2D4DD823-63D9-421B-B5D4-4174C4214719}.Release-MemoryOnly|Any CPU.ActiveCfg = Release|x64
		{2D4DD823-63D9-421B-B5D4-4174C4214719}.Release-MemoryOnly|Any CPU.Build.0 = Release|x64
		{2D4DD823-63D9-421B-B5D4-4174C4214719}.Release-MemoryOnly|x64.ActiveCfg = Release|x64
		{2D4DD823-63D9-421B-B5D4-4174C4214719}.Release-MemoryOnly|x64.Build.0 = Release|x64
		{2D4DD823-63D9-421B-B5D4-4174C4214719}.Release-MemoryOnly|x86.ActiveCfg = Release|Win32
		{2D4DD823-63D9-421B-B5D4-4174C4214719}.Release-MemoryOnly|x86.Build.0 = Release|Win32
		{2D4DD823-63D9-421B-B5D4-4174C4214719}.Release-Single|Any CPU.ActiveCfg = Release|x64
		{2D4DD823-63D9-421B-B5D4-4174C4214719}.Release-Single|Any CPU.Build.0 = Release|x64
		{2D4DD823-63D9-421B-B5D4-4174C4214719}.Release-Single|x64.ActiveCfg = Release|x64
		{2D4DD823-63D9-421B-B5D4-4174C4214719}.Release-Single|x64.Build.0 = Release|x64
		{2D4DD823-63D9-421B-B5D4-4174C4214719}.Release-Single|x86.ActiveCfg = Release|Win32
		{2D4DD823-63D9-421B-B5D4-4174C4214719}.Release-Single|x86.Build.0 = Release|Win32
		{47E7F5FB-BEA9-438A-85A5-5317714919E1}.Debug|Any CPU.ActiveCfg = Debug|Any CPU
		{47E7F5FB-BEA9-438A-85A5-5317714919E1}.Debug|Any CPU.Build.0 = Debug|Any CPU
		{47E7F5FB-BEA9-438A-85A5-5317714919E1}.Debug|x64.ActiveCfg = Debug|x64
		{47E7F5FB-BEA9-438A-85A5-5317714919E1}.Debug|x64.Build.0 = Debug|x64
		{47E7F5FB-BEA9-438A-85A5-5317714919E1}.Debug|x86.ActiveCfg = Debug|x86
		{47E7F5FB-BEA9-438A-85A5-5317714919E1}.Debug|x86.Build.0 = Debug|x86
		{47E7F5FB-BEA9-438A-85A5-5317714919E1}.Debug-MemoryOnly|Any CPU.ActiveCfg = Debug|Any CPU
		{47E7F5FB-BEA9-438A-85A5-5317714919E1}.Debug-MemoryOnly|Any CPU.Build.0 = Debug|Any CPU
		{47E7F5FB-BEA9-438A-85A5-5317714919E1}.Debug-MemoryOnly|x64.ActiveCfg = Debug|x64
		{47E7F5FB-BEA9-438A-85A5-5317714919E1}.Debug-MemoryOnly|x64.Build.0 = Debug|x64
		{47E7F5FB-BEA9-438A-85A5-5317714919E1}.Debug-MemoryOnly|x86.ActiveCfg = Debug|x86
		{47E7F5FB-BEA9-438A-85A5-5317714919E1}.Debug-MemoryOnly|x86.Build.0 = Debug|x86
		{47E7F5FB-BEA9-438A-85A5-5317714919E1}.Debug-Single|Any CPU.ActiveCfg = Debug|Any CPU
		{47E7F5FB-BEA9-438A-85A5-5317714919E1}.Debug-Single|Any CPU.Build.0 = Debug|Any CPU
		{47E7F5FB-BEA9-438A-85A5-5317714919E1}.Debug-Single|x64.ActiveCfg = Debug|x64
		{47E7F5FB-BEA9-438A-85A5-5317714919E1}.Debug-Single|x64.Build.0 = Debug|x64
		{47E7F5FB-BEA9-438A-85A5-5317714919E1}.Debug-Single|x86.ActiveCfg = Debug|x86
		{47E7F5FB-BEA9-438A-85A5-5317714919E1}.Debug-Single|x86.Build.0 = Debug|x86
		{47E7F5FB-BEA9-438A-85A5-5317714919E1}.Release|Any CPU.ActiveCfg = Release|Any CPU
		{47E7F5FB-BEA9-438A-85A5-5317714919E1}.Release|Any CPU.Build.0 = Release|Any CPU
		{47E7F5FB-BEA9-438A-85A5-5317714919E1}.Release|x64.ActiveCfg = Release|x64
		{47E7F5FB-BEA9-438A-85A5-5317714919E1}.Release|x64.Build.0 = Release|x64
		{47E7F5FB-BEA9-438A-85A5-5317714919E1}.Release|x86.ActiveCfg = Release|x86
		{47E7F5FB-BEA9-438A-85A5-5317714919E1}.Release|x86.Build.0 = Release|x86
		{47E7F5FB-BEA9-438A-85A5-5317714919E1}.Release-MemoryOnly|Any CPU.ActiveCfg = Release|Any CPU
		{47E7F5FB-BEA9-438A-85A5-5317714919E1}.Release-MemoryOnly|Any CPU.Build.0 = Release|Any CPU
		{47E7F5FB-BEA9-438A-85A5-5317714919E1}.Release-MemoryOnly|x64.ActiveCfg = Release|x64
		{47E7F5FB-BEA9-438A-85A5-5317714919E1}.Release-MemoryOnly|x64.Build.0 = Release|x64
		{47E7F5FB-BEA9-438A-85A5-5317714919E1}.Release-MemoryOnly|x86.ActiveCfg = Release|x86
		{47E7F5FB-BEA9-438A-85A5-5317714919E1}.Release-MemoryOnly|x86.Build.0 = Release|x86
		{47E7F5FB-BEA9-438A-85A5-5317714919E1}.Release-Single|Any CPU.ActiveCfg = Release|Any CPU
		{47E7F5FB-BEA9-438A-85A5-5317714919E1}.Release-Single|Any CPU.Build.0 = Release|Any CPU
		{47E7F5FB-BEA9-438A-85A5-5317714919E1}.Release-Single|x64.ActiveCfg = Release|x64
		{47E7F5FB-BEA9-438A-85A5-5317714919E1}.Release-Single|x64.Build.0 = Release|x64
		{47E7F5FB-BEA9-438A-85A5-5317714919E1}.Release-Single|x86.ActiveCfg = Release|x86
		{47E7F5FB-BEA9-438A-85A5-5317714919E1}.Release-Single|x86.Build.0 = Release|x86
		{341FD8CB-9456-4711-BEC8-C4A218FA1C6C}.Debug|Any CPU.ActiveCfg = Debug|x64
		{341FD8CB-9456-4711-BEC8-C4A218FA1C6C}.Debug|Any CPU.Build.0 = Debug|x64
		{341FD8CB-9456-4711-BEC8-C4A218FA1C6C}.Debug|x64.ActiveCfg = Debug|x64
		{341FD8CB-9456-4711-BEC8-C4A218FA1C6C}.Debug|x64.Build.0 = Debug|x64
		{341FD8CB-9456-4711-BEC8-C4A218FA1C6C}.Debug|x86.ActiveCfg = Debug|Win32
		{341FD8CB-9456-4711-BEC8-C4A218FA1C6C}.Debug|x86.Build.0 = Debug|Win32
		{341FD8CB-9456-4711-BEC8-C4A218FA1C6C}.Debug-MemoryOnly|Any CPU.ActiveCfg = Debug-MemoryOnly|x64
		{341FD8CB-9456-4711-BEC8-C4A218FA1C6C}.Debug-MemoryOnly|Any CPU.Build.0 = Debug-MemoryOnly|x64
		{341FD8CB-9456-4711-BEC8-C4A218FA1C6C}.Debug-MemoryOnly|x64.ActiveCfg = Debug-MemoryOnly|x64
		{341FD8CB-9456-4711-BEC8-C4A218FA1C6C}.Debug-MemoryOnly|x64.Build.0 = Debug-MemoryOnly|x64
		{341FD8CB-9456-4711-BEC8-C4A218FA1C6C}.Debug-MemoryOnly|x86.ActiveCfg = Debug-MemoryOnly|Win32
		{341FD8CB-9456-4711-BEC8-C4A218FA1C6C}.Debug-MemoryOnly|x86.Build.0 = Debug-MemoryOnly|Win32
		{341FD8CB-9456-4711-BEC8-C4A218FA1C6C}.Debug-Single|Any CPU.ActiveCfg = Debug-Single|x64
		{341FD8CB-9456-4711-BEC8-C4A218FA1C6C}.Debug-Single|Any CPU.Build.0 = Debug-Single|x64
		{341FD8CB-9456-4711-BEC8-C4A218FA1C6C}.Debug-Single|x64.ActiveCfg = Debug-Single|x64
		{341FD8CB-9456-4711-BEC8-C4A218FA1C6C}.Debug-Single|x64.Build.0 = Debug-Single|x64
		{341FD8CB-9456-4711-BEC8-C4A218FA1C6C}.Debug-Single|x86.ActiveCfg = Debug-Single|Win32
		{341FD8CB-9456-4711-BEC8-C4A218FA1C6C}.Debug-Single|x86.Build.0 = Debug-Single|Win32
		{341FD8CB-9456-4711-BEC8-C4A218FA1C6C}.Release|Any CPU.ActiveCfg = Release|x64
		{341FD8CB-9456-4711-BEC8-C4A218FA1C6C}.Release|Any CPU.Build.0 = Release|x64
		{341FD8CB-9456-4711-BEC8-C4A218FA1C6C}.Release|x64.ActiveCfg = Release|x64
		{341FD8CB-9456-4711-BEC8-C4A218FA1C6C}.Release|x64.Build.0 = Release|x64
		{341FD8CB-9456-4711-BEC8-C4A218FA1C6C}.Release|x86.ActiveCfg = Release|Win32
		{341FD8CB-9456-4711-BEC8-C4A218FA1C6C}.Release|x86.Build.0 = Release|Win32
		{341FD8CB-9456-4711-BEC8-C4A218FA1C6C}.Release-MemoryOnly|Any CPU.ActiveCfg = Release-MemoryOnly|x64
		{341FD8CB-9456-4711-BEC8-C4A218FA1C6C}.Release-MemoryOnly|Any CPU.Build.0 = Release-MemoryOnly|x64
		{341FD8CB-9456-4711-BEC8-C4A218FA1C6C}.Release-MemoryOnly|x64.ActiveCfg = Release-MemoryOnly|x64
		{341FD8CB-9456-4711-BEC8-C4A218FA1C6C}.Release-MemoryOnly|x64.Build.0 = Release-MemoryOnly|x64
		{341FD8CB-9456-4711-BEC8-C4A218FA1C6C}.Release-MemoryOnly|x86.ActiveCfg = Release-MemoryOnly|Win32
		{341FD8CB-9456-4711-BEC8-C4A218FA1C6C}.Release-MemoryOnly|x86.Build.0 = Release-MemoryOnly|Win32
		{341FD8CB-9456-4711-BEC8-C4A218FA1C6C}.Release-Single|Any CPU.ActiveCfg = Release-Single|x64
		{341FD8CB-9456-4711-BEC8-C4A218FA1C6C}.Release-Single|Any CPU.Build.0 = Release-Single|x64
		{341FD8CB-9456-4711-BEC8-C4A218FA1C6C}.Release-Single|x64.ActiveCfg = Release-Single|x64
		{341FD8CB-9456-4711-BEC8-C4A218FA1C6C}.Release-Single|x64.Build.0 = Release-Single|x64
		{341FD8CB-9456-4711-BEC8-C4A218FA1C6C}.Release-Single|x86.ActiveCfg = Release-Single|Win32
		{341FD8CB-9456-4711-BEC8-C4A218FA1C6C}.Release-Single|x86.Build.0 = Release-Single|Win32
		{EDDF7B03-A483-4B52-9234-4585AF17B284}.Debug|Any CPU.ActiveCfg = Debug|x64
		{EDDF7B03-A483-4B52-9234-4585AF17B284}.Debug|Any CPU.Build.0 = Debug|x64
		{EDDF7B03-A483-4B52-9234-4585AF17B284}.Debug|x64.ActiveCfg = Debug|x64
		{EDDF7B03-A483-4B52-9234-4585AF17B284}.Debug|x64.Build.0 = Debug|x64
		{EDDF7B03-A483-4B52-9234-4585AF17B284}.Debug|x86.ActiveCfg = Debug|Win32
		{EDDF7B03-A483-4B52-9234-4585AF17B284}.Debug|x86.Build.0 = Debug|Win32
		{EDDF7B03-A483-4B52-9234-4585AF17B284}.Debug-MemoryOnly|Any CPU.ActiveCfg = Debug-MemoryOnly|x64
		{EDDF7B03-A483-4B52-9234-4585AF17B284}.Debug-MemoryOnly|Any CPU.Build.0 = Debug-MemoryOnly|x64
		{EDDF7B03-A483-4B52-9234-4585AF17B284}.Debug-MemoryOnly|x64.ActiveCfg = Debug-MemoryOnly|x64
		{EDDF7B03-A483-4B52-9234-4585AF17B284}.Debug-MemoryOnly|x64.Build.0 = Debug-MemoryOnly|x64
		{EDDF7B03-A483-4B52-9234-4585AF17B284}.Debug-MemoryOnly|x86.ActiveCfg = Debug-MemoryOnly|Win32
		{EDDF7B03-A483-4B52-9234-4585AF17B284}.Debug-MemoryOnly|x86.Build.0 = Debug-MemoryOnly|Win32
		{EDDF7B03-A483-4B52-9234-4585AF17B284}.Debug-Single|Any CPU.ActiveCfg = Debug-Single|x64
		{EDDF7B03-A483-4B52-9234-4585AF17B284}.Debug-Single|Any CPU.Build.0 = Debug-Single|x64
		{EDDF7B03-A483-4B52-9234-4585AF17B284}.Debug-Single|x64.ActiveCfg = Debug-Single|x64
		{EDDF7B03-A483-4B52-9234-4585AF17B284}.Debug-Single|x64.Build.0 = Debug-Single|x64
		{EDDF7B03-A483-4B52-9234-4585AF17B284}.Debug-Single|x86.ActiveCfg = Debug-Single|Win32
		{EDDF7B03-A483-4B52-9234-4585AF17B284}.Debug-Single|x86.Build.0 = Debug-Single|Win32
		{EDDF7B03-A483-4B52-9234-4585AF17B284}.Release|Any CPU.ActiveCfg = Release|x64
		{EDDF7B03-A483-4B52-9234-4585AF17B284}.Release|Any CPU.Build.0 = Release|x64
		{EDDF7B03-A483-4B52-9234-4585AF17B284}.Release|x64.ActiveCfg = Release|x64
		{EDDF7B03-A483-4B52-9234-4585AF17B284}.Release|x64.Build.0 = Release|x64
		{EDDF7B03-A483-4B52-9234-4585AF17B284}.Release|x86.ActiveCfg = Release|Win32
		{EDDF7B03-A483-4B52-9234-4585AF17B284}.Release|x86.Build.0 = Release|Win32
		{EDDF7B03-A483-4B52-9234-4585AF17B284}.Release-MemoryOnly|Any CPU.ActiveCfg = Release-MemoryOnly|x64
		{EDDF7B03-A483-4B52-9234-4585AF17B284}.Release-MemoryOnly|Any CPU.Build.0 = Release-MemoryOnly|x64
		{EDDF7B03-A483-4B52-9234-4585AF17B284}.Release-MemoryOnly|x64.ActiveCfg = Release-MemoryOnly|x64
		{EDDF7B03-A483-4B52-9234-4585AF17B284}.Release-MemoryOnly|x64.Build.0 = Release-MemoryOnly|x64
		{EDDF7B03-A483-4B52-9234-4585AF17B284}.Release-MemoryOnly|x86.ActiveCfg = Release-MemoryOnly|Win32
		{EDDF7B03-A483-4B52-9234-4585AF17B284}.Release-MemoryOnly|x86.Build.0 = Release-MemoryOnly|Win32
		{EDDF7B03-A483-4B52-9234-4585AF17B284}.Release-Single|Any CPU.ActiveCfg = Release-Single|x64
		{EDDF7B03-A483-4B52-9234-4585AF17B284}.Release-Single|Any CPU.Build.0 = Release-Single|x64
		{EDDF7B03-A483-4B52-9234-4585AF17B284}.Release-Single|x64.ActiveCfg = Release-Single|x64
		{EDDF7B03-A483-4B52-9234-4585AF17B284}.Release-Single|x64.Build.0 = Release-Single|x64
		{EDDF7B03-A483-4B52-9234-4585AF17B284}.Release-Single|x86.ActiveCfg = Release-Single|Win32
		{EDDF7B03-A483-4B52-9234-4585AF17B284}.Release-Single|x86.Build.0 = Release-Single|Win32
		{8E1B0B4C-8220-4E7B-A838-B4B3DDB4CF15}.Debug|Any CPU.ActiveCfg = Debug|x64
		{8E1B0B4C-8220-4E7B-A838-B4B3DDB4CF15}.Debug|Any CPU.Build.0 = Debug|x64
		{8E1B0B4C-8220-4E7B-A838-B4B3DDB4CF15}.Debug|x64.ActiveCfg = Debug|x64
		{8E1B0B4C-8220-4E7B-A838-B4B3DDB4CF15}.Debug|x64.Build.0 = Debug|x64
		{8E1B0B4C-8220-4E7B-A838-B4B3DDB4CF15}.Debug|x86.ActiveCfg = Debug|Win32
		{8E1B0B4C-8220-4E7B-A838-B4B3DDB4CF15}.Debug|x86.Build.0 = Debug|Win32
		{8E1B0B4C-8220-4E7B-A838-B4B3DDB4CF15}.Debug-MemoryOnly|Any CPU.ActiveCfg = Debug-MemoryOnly|x64
		{8E1B0B4C-8220-4E7B-A838-B4B3DDB4CF15}.Debug-MemoryOnly|Any CPU.Build.0 = Debug-MemoryOnly|x64
		{8E1B0B4C-8220-4E7B-A838-B4B3DDB4CF15}.Debug-MemoryOnly|x64.ActiveCfg = Debug-MemoryOnly|x64
		{8E1B0B4C-8220-4E7B-A838-B4B3DDB4CF15}.Debug-MemoryOnly|x64.Build.0 = Debug-MemoryOnly|x64
		{8E1B0B4C-8220-4E7B-A838-B4B3DDB4CF15}.Debug-MemoryOnly|x86.ActiveCfg = Debug-MemoryOnly|Win32
		{8E1B0B4C-8220-4E7B-A838-B4B3DDB4CF15}.Debug-MemoryOnly|x86.Build.0 = Debug-MemoryOnly|Win32
		{8E1B0B4C-8220-4E7B-A838-B4B3DDB4CF15}.Debug-Single|Any CPU.ActiveCfg = Debug-Single|x64
		{8E1B0B4C-8220-4E7B-A838-B4B3DDB4CF15}.Debug-Single|Any CPU.Build.0 = Debug-Single|x64
		{8E1B0B4C-8220-4E7B-A838-B4B3DDB4CF15}.Debug-Single|x64.ActiveCfg = Debug-Single|x64
		{8E1B0B4C-8220-4E7B-A838-B4B3DDB4CF15}.Debug-Single|x64.Build.0 = Debug-Single|x64
		{8E1B0B4C-8220-4E7B-A838-B4B3DDB4CF15}.Debug-Single|x86.ActiveCfg = Debug-Single|Win32
		{8E1B0B4C-8220-4E7B-A838-B4B3DDB4CF15}.Debug-Single|x86.Build.0 = Debug-Single|Win32
		{8E1B0B4C-8220-4E7B-A838-B4B3DDB4CF15}.Release|Any CPU.ActiveCfg = Release|x64
		{8E1B0B4C-8220-4E7B-A838-B4B3DDB4CF15}.Release|Any CPU.Build.0 = Release|x64
		{8E1B0B4C-8220-4E7B-A838-B4B3DDB4CF15}.Release|x64.ActiveCfg = Release|x64
		{8E1B0B4C-8220-4E7B-A838-B4B3DDB4CF15}.Release|x64.Build.0 = Release|x64
		{8E1B0B4C-8220-4E7B-A838-B4B3DDB4CF15}.Release|x86.ActiveCfg = Release|Win32
		{8E1B0B4C-8220-4E7B-A838-B4B3DDB4CF15}.Release|x86.Build.0 = Release|Win32
		{8E1B0B4C-8220-4E7B-A838-B4B3DDB4CF15}.Release-MemoryOnly|Any CPU.ActiveCfg = Release-MemoryOnly|x64
		{8E1B0B4C-8220-4E7B-A838-B4B3DDB4CF15}.Release-MemoryOnly|Any CPU.Build.0 = Release-MemoryOnly|x64
		{8E1B0B4C-8220-4E7B-A838-B4B3DDB4CF15}.Release-MemoryOnly|x64.ActiveCfg = Release-MemoryOnly|x64
		{8E1B0B4C-8220-4E7B-A838-B4B3DDB4CF15}.Release-MemoryOnly|x64.Build.0 = Release-MemoryOnly|x64
		{8E1B0B4C-8220-4E7B-A838-B4B3DDB4CF15}.Release-MemoryOnly|x86.ActiveCfg = Release-MemoryOnly|Win32
		{8E1B0B4C-8220-4E7B-A838-B4B3DDB4CF15}.Release-MemoryOnly|x86.Build.0 = Release-MemoryOnly|Win32
		{8E1B0B4C-8220-4E7B-A838-B4B3DDB4CF15}.Release-Single|Any CPU.ActiveCfg = Release-Single|x64
		{8E1B0B4C-8220-4E7B-A838-B4B3DDB4CF15}.Release-Single|Any CPU.Build.0 = Release-Single|x64
		{8E1B0B4C-8220-4E7B-A838-B4B3DDB4CF15}.Release-Single|x64.ActiveCfg = Release-Single|x64
		{8E1B0B4C-8220-4E7B-A838-B4B3DDB4CF15}.Release-Single|x64.Build.0 = Release-Single|x64
		{8E1B0B4C-8220-4E7B-A838-B4B3DDB4CF15}.Release-Single|x86.ActiveCfg = Release-Single|Win32
		{8E1B0B4C-8220-4E7B-A838-B4B3DDB4CF15}.Release-Single|x86.Build.0 = Release-Single|Win32
		{01DCCD38-27CC-4C1A-851F-F1700EDF8BB5}.Debug|Any CPU.ActiveCfg = Debug|x64
		{01DCCD38-27CC-4C1A-851F-F1700EDF8BB5}.Debug|Any CPU.Build.0 = Debug|x64
		{01DCCD38-27CC-4C1A-851F-F1700EDF8BB5}.Debug|x64.ActiveCfg = Debug|x64
		{01DCCD38-27CC-4C1A-851F-F1700EDF8BB5}.Debug|x64.Build.0 = Debug|x64
		{01DCCD38-27CC-4C1A-851F-F1700EDF8BB5}.Debug|x86.ActiveCfg = Debug|Win32
		{01DCCD38-27CC-4C1A-851F-F1700EDF8BB5}.Debug|x86.Build.0 = Debug|Win32
		{01DCCD38-27CC-4C1A-851F-F1700EDF8BB5}.Debug-MemoryOnly|Any CPU.ActiveCfg = Debug-MemoryOnly|x64
		{01DCCD38-27CC-4C1A-851F-F1700EDF8BB5}.Debug-MemoryOnly|Any CPU.Build.0 = Debug-MemoryOnly|x64
		{01DCCD38-27CC-4C1A-851F-F1700EDF8BB5}.Debug-MemoryOnly|x64.ActiveCfg = Debug-MemoryOnly|x64
		{01DCCD38-27CC-4C1A-851F-F1700EDF8BB5}.Debug-MemoryOnly|x64.Build.0 = Debug-MemoryOnly|x64
		{01DCCD38-27CC-4C1A-851F-F1700EDF8BB5}.Debug-MemoryOnly|x86.ActiveCfg = Debug-MemoryOnly|Win32
		{01DCCD38-27CC-4C1A-851F-F1700EDF8BB5}.Debug-MemoryOnly|x86.Build.0 = Debug-MemoryOnly|Win32
		{01DCCD38-27CC-4C1A-851F-F1700EDF8BB5}.Debug-Single|Any CPU.ActiveCfg = Debug-Single|x64
		{01DCCD38-27CC-4C1A-851F-F1700EDF8BB5}.Debug-Single|Any CPU.Build.0 = Debug-Single|x64
		{01DCCD38-27CC-4C1A-851F-F1700EDF8BB5}.Debug-Single|x64.ActiveCfg = Debug-Single|x64
		{01DCCD38-27CC-4C1A-851F-F1700EDF8BB5}.Debug-Single|x64.Build.0 = Debug-Single|x64
		{01DCCD38-27CC-4C1A-851F-F1700EDF8BB5}.Debug-Single|x86.ActiveCfg = Debug-Single|Win32
		{01DCCD38-27CC-4C1A-851F-F1700EDF8BB5}.Debug-Single|x86.Build.0 = Debug-Single|Win32
		{01DCCD38-27CC-4C1A-851F-F1700EDF8BB5}.Release|Any CPU.ActiveCfg = Release|x64
		{01DCCD38-27CC-4C1A-851F-F1700EDF8BB5}.Release|Any CPU.Build.0 = Release|x64
		{01DCCD38-27CC-4C1A-851F-F1700EDF8BB5}.Release|x64.ActiveCfg = Release|x64
		{01DCCD38-27CC-4C1A-851F-F1700EDF8BB5}.Release|x64.Build.0 = Release|x64
		{01DCCD38-27CC-4C1A-851F-F1700EDF8BB5}.Release|x86.ActiveCfg = Release|Win32
		{01DCCD38-27CC-4C1A-851F-F1700EDF8BB5}.Release|x86.Build.0 = Release|Win32
		{01DCCD38-27CC-4C1A-851F-F1700EDF8BB5}.Release-MemoryOnly|Any CPU.ActiveCfg = Release-MemoryOnly|x64
		{01DCCD38-27CC-4C1A-851F-F1700EDF8BB5}.Release-MemoryOnly|Any CPU.Build.0 = Release-MemoryOnly|x64
		{01DCCD38-27CC-4C1A-851F-F1700EDF8BB5}.Release-MemoryOnly|x64.ActiveCfg = Release-MemoryOnly|x64
		{01DCCD38-27CC-4C1A-851F-F1700EDF8BB5}.Release-MemoryOnly|x64.Build.0 = Release-MemoryOnly|x64
		{01DCCD38-27CC-4C1A-851F-F1700EDF8BB5}.Release-MemoryOnly|x86.ActiveCfg = Release-MemoryOnly|Win32
		{01DCCD38-27CC-4C1A-851F-F1700EDF8BB5}.Release-MemoryOnly|x86.Build.0 = Release-MemoryOnly|Win32
		{01DCCD38-27CC-4C1A-851F-F1700EDF8BB5}.Release-Single|Any CPU.ActiveCfg = Release-Single|x64
		{01DCCD38-27CC-4C1A-851F-F1700EDF8BB5}.Release-Single|Any CPU.Build.0 = Release-Single|x64
		{01DCCD38-27CC-4C1A-851F-F1700EDF8BB5}.Release-Single|x64.ActiveCfg = Release-Single|x64
		{01DCCD38-27CC-4C1A-851F-F1700EDF8BB5}.Release-Single|x64.Build.0 = Release-Single|x64
		{01DCCD38-27CC-4C1A-851F-F1700EDF8BB5}.Release-Single|x86.ActiveCfg = Release-Single|Win32
		{01DCCD38-27CC-4C1A-851F-F1700EDF8BB5}.Release-Single|x86.Build.0 = Release-Single|Win32
	EndGlobalSection
	GlobalSection(SolutionProperties) = preSolution
		HideSolutionNode = FALSE
	EndGlobalSection
	GlobalSection(ExtensibilityGlobals) = postSolution
		SolutionGuid = {80F115D2-C307-4EC6-8C85-3C744A076356}
	EndGlobalSection
EndGlobal
